// !$*UTF8*$!
{
	archiveVersion = 1;
	classes = {
	};
	objectVersion = 46;
	objects = {

/* Begin PBXBuildFile section */
		3F23A05B1D7861D200522354 /* Dia+CoreDataProperties.swift in Sources */ = {isa = PBXBuildFile; fileRef = 3F23A0571D7861D200522354 /* Dia+CoreDataProperties.swift */; };
		3F23A05C1D7861D200522354 /* Dia.swift in Sources */ = {isa = PBXBuildFile; fileRef = 3F23A0581D7861D200522354 /* Dia.swift */; };
		3F23A05E1D7861D200522354 /* Alarme.swift in Sources */ = {isa = PBXBuildFile; fileRef = 3F23A05A1D7861D200522354 /* Alarme.swift */; };
		3F23A0601D79A3A700522354 /* AlarmeViewController.swift in Sources */ = {isa = PBXBuildFile; fileRef = 3F23A05F1D79A3A700522354 /* AlarmeViewController.swift */; };
		3F23A0641D79A3EA00522354 /* AlarmeTableViewCell.swift in Sources */ = {isa = PBXBuildFile; fileRef = 3F23A0631D79A3EA00522354 /* AlarmeTableViewCell.swift */; };
		3F23A0661D79A40F00522354 /* AlarmeTableViewController.swift in Sources */ = {isa = PBXBuildFile; fileRef = 3F23A0651D79A40F00522354 /* AlarmeTableViewController.swift */; };
		3F23A0681D79A48C00522354 /* UIImage+Gif.swift in Sources */ = {isa = PBXBuildFile; fileRef = 3F23A0671D79A48C00522354 /* UIImage+Gif.swift */; };
		3F23A06C1D79A99200522354 /* Alarme+CoreDataProperties.swift in Sources */ = {isa = PBXBuildFile; fileRef = 3F23A06B1D79A99200522354 /* Alarme+CoreDataProperties.swift */; };
		3FA8E6231D784CD300D8EBF1 /* AppDelegate.swift in Sources */ = {isa = PBXBuildFile; fileRef = 3FA8E6221D784CD300D8EBF1 /* AppDelegate.swift */; };
		3FA8E6251D784CD300D8EBF1 /* ViewController.swift in Sources */ = {isa = PBXBuildFile; fileRef = 3FA8E6241D784CD300D8EBF1 /* ViewController.swift */; };
		3FA8E6281D784CD300D8EBF1 /* Main.storyboard in Resources */ = {isa = PBXBuildFile; fileRef = 3FA8E6261D784CD300D8EBF1 /* Main.storyboard */; };
		3FA8E62B1D784CD300D8EBF1 /* WakeUpBoi.xcdatamodeld in Sources */ = {isa = PBXBuildFile; fileRef = 3FA8E6291D784CD300D8EBF1 /* WakeUpBoi.xcdatamodeld */; };
		3FA8E62D1D784CD300D8EBF1 /* Assets.xcassets in Resources */ = {isa = PBXBuildFile; fileRef = 3FA8E62C1D784CD300D8EBF1 /* Assets.xcassets */; };
		3FA8E6301D784CD300D8EBF1 /* LaunchScreen.storyboard in Resources */ = {isa = PBXBuildFile; fileRef = 3FA8E62E1D784CD300D8EBF1 /* LaunchScreen.storyboard */; };
/* End PBXBuildFile section */

/* Begin PBXFileReference section */
		3F23A0571D7861D200522354 /* Dia+CoreDataProperties.swift */ = {isa = PBXFileReference; fileEncoding = 4; lastKnownFileType = sourcecode.swift; name = "Dia+CoreDataProperties.swift"; path = "../Dia+CoreDataProperties.swift"; sourceTree = "<group>"; };
		3F23A0581D7861D200522354 /* Dia.swift */ = {isa = PBXFileReference; fileEncoding = 4; lastKnownFileType = sourcecode.swift; name = Dia.swift; path = ../Dia.swift; sourceTree = "<group>"; };
		3F23A05A1D7861D200522354 /* Alarme.swift */ = {isa = PBXFileReference; fileEncoding = 4; lastKnownFileType = sourcecode.swift; name = Alarme.swift; path = ../Alarme.swift; sourceTree = "<group>"; };
		3F23A05F1D79A3A700522354 /* AlarmeViewController.swift */ = {isa = PBXFileReference; fileEncoding = 4; lastKnownFileType = sourcecode.swift; path = AlarmeViewController.swift; sourceTree = "<group>"; };
		3F23A0631D79A3EA00522354 /* AlarmeTableViewCell.swift */ = {isa = PBXFileReference; fileEncoding = 4; lastKnownFileType = sourcecode.swift; path = AlarmeTableViewCell.swift; sourceTree = "<group>"; };
		3F23A0651D79A40F00522354 /* AlarmeTableViewController.swift */ = {isa = PBXFileReference; fileEncoding = 4; lastKnownFileType = sourcecode.swift; name = AlarmeTableViewController.swift; path = ../AlarmeTableViewController.swift; sourceTree = "<group>"; };
		3F23A0671D79A48C00522354 /* UIImage+Gif.swift */ = {isa = PBXFileReference; fileEncoding = 4; lastKnownFileType = sourcecode.swift; name = "UIImage+Gif.swift"; path = "../UIImage+Gif.swift"; sourceTree = "<group>"; };
		3F23A06B1D79A99200522354 /* Alarme+CoreDataProperties.swift */ = {isa = PBXFileReference; fileEncoding = 4; lastKnownFileType = sourcecode.swift; name = "Alarme+CoreDataProperties.swift"; path = "../Alarme+CoreDataProperties.swift"; sourceTree = "<group>"; };
		3FA8E61F1D784CD300D8EBF1 /* WakeUpBoi.app */ = {isa = PBXFileReference; explicitFileType = wrapper.application; includeInIndex = 0; path = WakeUpBoi.app; sourceTree = BUILT_PRODUCTS_DIR; };
		3FA8E6221D784CD300D8EBF1 /* AppDelegate.swift */ = {isa = PBXFileReference; lastKnownFileType = sourcecode.swift; path = AppDelegate.swift; sourceTree = "<group>"; };
		3FA8E6241D784CD300D8EBF1 /* ViewController.swift */ = {isa = PBXFileReference; lastKnownFileType = sourcecode.swift; path = ViewController.swift; sourceTree = "<group>"; };
		3FA8E6271D784CD300D8EBF1 /* Base */ = {isa = PBXFileReference; lastKnownFileType = file.storyboard; name = Base; path = Base.lproj/Main.storyboard; sourceTree = "<group>"; };
		3FA8E62A1D784CD300D8EBF1 /* WakeUpBoi.xcdatamodel */ = {isa = PBXFileReference; lastKnownFileType = wrapper.xcdatamodel; path = WakeUpBoi.xcdatamodel; sourceTree = "<group>"; };
		3FA8E62C1D784CD300D8EBF1 /* Assets.xcassets */ = {isa = PBXFileReference; lastKnownFileType = folder.assetcatalog; path = Assets.xcassets; sourceTree = "<group>"; };
		3FA8E62F1D784CD300D8EBF1 /* Base */ = {isa = PBXFileReference; lastKnownFileType = file.storyboard; name = Base; path = Base.lproj/LaunchScreen.storyboard; sourceTree = "<group>"; };
		3FA8E6311D784CD300D8EBF1 /* Info.plist */ = {isa = PBXFileReference; lastKnownFileType = text.plist.xml; path = Info.plist; sourceTree = "<group>"; };
/* End PBXFileReference section */

/* Begin PBXFrameworksBuildPhase section */
		3FA8E61C1D784CD300D8EBF1 /* Frameworks */ = {
			isa = PBXFrameworksBuildPhase;
			buildActionMask = 2147483647;
			files = (
			);
			runOnlyForDeploymentPostprocessing = 0;
		};
/* End PBXFrameworksBuildPhase section */

/* Begin PBXGroup section */
		3FA8E6161D784CD200D8EBF1 = {
			isa = PBXGroup;
			children = (
				3FA8E6211D784CD300D8EBF1 /* WakeUpBoi */,
				3FA8E6201D784CD300D8EBF1 /* Products */,
			);
			sourceTree = "<group>";
		};
		3FA8E6201D784CD300D8EBF1 /* Products */ = {
			isa = PBXGroup;
			children = (
				3FA8E61F1D784CD300D8EBF1 /* WakeUpBoi.app */,
			);
			name = Products;
			sourceTree = "<group>";
		};
		3FA8E6211D784CD300D8EBF1 /* WakeUpBoi */ = {
			isa = PBXGroup;
			children = (
				3FA8E6371D784D2200D8EBF1 /* Support Files */,
				3FA8E63A1D784D6300D8EBF1 /* Model */,
				3FA8E6381D784D4200D8EBF1 /* View */,
				3FA8E6391D784D5100D8EBF1 /* Controller */,
			);
			path = WakeUpBoi;
			sourceTree = "<group>";
		};
		3FA8E6371D784D2200D8EBF1 /* Support Files */ = {
			isa = PBXGroup;
			children = (
				3F23A0671D79A48C00522354 /* UIImage+Gif.swift */,
				3FA8E6221D784CD300D8EBF1 /* AppDelegate.swift */,
				3FA8E62C1D784CD300D8EBF1 /* Assets.xcassets */,
				3FA8E6311D784CD300D8EBF1 /* Info.plist */,
			);
			name = "Support Files";
			sourceTree = "<group>";
		};
		3FA8E6381D784D4200D8EBF1 /* View */ = {
			isa = PBXGroup;
			children = (
				3FA8E6261D784CD300D8EBF1 /* Main.storyboard */,
				3FA8E62E1D784CD300D8EBF1 /* LaunchScreen.storyboard */,
			);
			name = View;
			sourceTree = "<group>";
		};
		3FA8E6391D784D5100D8EBF1 /* Controller */ = {
			isa = PBXGroup;
			children = (
				3F23A0651D79A40F00522354 /* AlarmeTableViewController.swift */,
				3F23A0631D79A3EA00522354 /* AlarmeTableViewCell.swift */,
				3FA8E6241D784CD300D8EBF1 /* ViewController.swift */,
				3F23A05F1D79A3A700522354 /* AlarmeViewController.swift */,
			);
			name = Controller;
			sourceTree = "<group>";
		};
		3FA8E63A1D784D6300D8EBF1 /* Model */ = {
			isa = PBXGroup;
			children = (
				3F23A0571D7861D200522354 /* Dia+CoreDataProperties.swift */,
				3F23A0581D7861D200522354 /* Dia.swift */,
				3F23A06B1D79A99200522354 /* Alarme+CoreDataProperties.swift */,
				3F23A05A1D7861D200522354 /* Alarme.swift */,
				3FA8E6291D784CD300D8EBF1 /* WakeUpBoi.xcdatamodeld */,
			);
			name = Model;
			sourceTree = "<group>";
		};
/* End PBXGroup section */

/* Begin PBXNativeTarget section */
		3FA8E61E1D784CD300D8EBF1 /* WakeUpBoi */ = {
			isa = PBXNativeTarget;
			buildConfigurationList = 3FA8E6341D784CD300D8EBF1 /* Build configuration list for PBXNativeTarget "WakeUpBoi" */;
			buildPhases = (
				3FA8E61B1D784CD300D8EBF1 /* Sources */,
				3FA8E61C1D784CD300D8EBF1 /* Frameworks */,
				3FA8E61D1D784CD300D8EBF1 /* Resources */,
			);
			buildRules = (
			);
			dependencies = (
			);
			name = WakeUpBoi;
			productName = WakeUpBoi;
			productReference = 3FA8E61F1D784CD300D8EBF1 /* WakeUpBoi.app */;
			productType = "com.apple.product-type.application";
		};
/* End PBXNativeTarget section */

/* Begin PBXProject section */
		3FA8E6171D784CD300D8EBF1 /* Project object */ = {
			isa = PBXProject;
			attributes = {
				LastSwiftUpdateCheck = 0730;
				LastUpgradeCheck = 0730;
				ORGANIZATIONNAME = "Dankness Edit";
				TargetAttributes = {
					3FA8E61E1D784CD300D8EBF1 = {
						CreatedOnToolsVersion = 7.3.1;
					};
				};
			};
			buildConfigurationList = 3FA8E61A1D784CD300D8EBF1 /* Build configuration list for PBXProject "WakeUpBoi" */;
			compatibilityVersion = "Xcode 3.2";
			developmentRegion = English;
			hasScannedForEncodings = 0;
			knownRegions = (
				en,
				Base,
			);
			mainGroup = 3FA8E6161D784CD200D8EBF1;
			productRefGroup = 3FA8E6201D784CD300D8EBF1 /* Products */;
			projectDirPath = "";
			projectRoot = "";
			targets = (
				3FA8E61E1D784CD300D8EBF1 /* WakeUpBoi */,
			);
		};
/* End PBXProject section */

/* Begin PBXResourcesBuildPhase section */
		3FA8E61D1D784CD300D8EBF1 /* Resources */ = {
			isa = PBXResourcesBuildPhase;
			buildActionMask = 2147483647;
			files = (
				3FA8E6301D784CD300D8EBF1 /* LaunchScreen.storyboard in Resources */,
				3FA8E62D1D784CD300D8EBF1 /* Assets.xcassets in Resources */,
				3FA8E6281D784CD300D8EBF1 /* Main.storyboard in Resources */,
			);
			runOnlyForDeploymentPostprocessing = 0;
		};
/* End PBXResourcesBuildPhase section */

/* Begin PBXSourcesBuildPhase section */
		3FA8E61B1D784CD300D8EBF1 /* Sources */ = {
			isa = PBXSourcesBuildPhase;
			buildActionMask = 2147483647;
			files = (
				3F23A05B1D7861D200522354 /* Dia+CoreDataProperties.swift in Sources */,
				3F23A0641D79A3EA00522354 /* AlarmeTableViewCell.swift in Sources */,
				3F23A0681D79A48C00522354 /* UIImage+Gif.swift in Sources */,
				3FA8E6251D784CD300D8EBF1 /* ViewController.swift in Sources */,
				3F23A06C1D79A99200522354 /* Alarme+CoreDataProperties.swift in Sources */,
				3FA8E6231D784CD300D8EBF1 /* AppDelegate.swift in Sources */,
				3F23A05C1D7861D200522354 /* Dia.swift in Sources */,
				3FA8E62B1D784CD300D8EBF1 /* WakeUpBoi.xcdatamodeld in Sources */,
				3F23A0661D79A40F00522354 /* AlarmeTableViewController.swift in Sources */,
				3F23A0601D79A3A700522354 /* AlarmeViewController.swift in Sources */,
				3F23A05E1D7861D200522354 /* Alarme.swift in Sources */,
			);
			runOnlyForDeploymentPostprocessing = 0;
		};
/* End PBXSourcesBuildPhase section */

/* Begin PBXVariantGroup section */
		3FA8E6261D784CD300D8EBF1 /* Main.storyboard */ = {
			isa = PBXVariantGroup;
			children = (
				3FA8E6271D784CD300D8EBF1 /* Base */,
			);
			name = Main.storyboard;
			sourceTree = "<group>";
		};
		3FA8E62E1D784CD300D8EBF1 /* LaunchScreen.storyboard */ = {
			isa = PBXVariantGroup;
			children = (
				3FA8E62F1D784CD300D8EBF1 /* Base */,
			);
			name = LaunchScreen.storyboard;
			sourceTree = "<group>";
		};
/* End PBXVariantGroup section */

/* Begin XCBuildConfiguration section */
		3FA8E6321D784CD300D8EBF1 /* Debug */ = {
			isa = XCBuildConfiguration;
			buildSettings = {
				ALWAYS_SEARCH_USER_PATHS = NO;
				CLANG_ANALYZER_NONNULL = YES;
				CLANG_CXX_LANGUAGE_STANDARD = "gnu++0x";
				CLANG_CXX_LIBRARY = "libc++";
				CLANG_ENABLE_MODULES = YES;
				CLANG_ENABLE_OBJC_ARC = YES;
				CLANG_WARN_BOOL_CONVERSION = YES;
				CLANG_WARN_CONSTANT_CONVERSION = YES;
				CLANG_WARN_DIRECT_OBJC_ISA_USAGE = YES_ERROR;
				CLANG_WARN_EMPTY_BODY = YES;
				CLANG_WARN_ENUM_CONVERSION = YES;
				CLANG_WARN_INT_CONVERSION = YES;
				CLANG_WARN_OBJC_ROOT_CLASS = YES_ERROR;
				CLANG_WARN_UNREACHABLE_CODE = YES;
				CLANG_WARN__DUPLICATE_METHOD_MATCH = YES;
				"CODE_SIGN_IDENTITY[sdk=iphoneos*]" = "iPhone Developer";
				COPY_PHASE_STRIP = NO;
				DEBUG_INFORMATION_FORMAT = dwarf;
				ENABLE_STRICT_OBJC_MSGSEND = YES;
				ENABLE_TESTABILITY = YES;
				GCC_C_LANGUAGE_STANDARD = gnu99;
				GCC_DYNAMIC_NO_PIC = NO;
				GCC_NO_COMMON_BLOCKS = YES;
				GCC_OPTIMIZATION_LEVEL = 0;
				GCC_PREPROCESSOR_DEFINITIONS = (
					"DEBUG=1",
					"$(inherited)",
				);
				GCC_WARN_64_TO_32_BIT_CONVERSION = YES;
				GCC_WARN_ABOUT_RETURN_TYPE = YES_ERROR;
				GCC_WARN_UNDECLARED_SELECTOR = YES;
				GCC_WARN_UNINITIALIZED_AUTOS = YES_AGGRESSIVE;
				GCC_WARN_UNUSED_FUNCTION = YES;
				GCC_WARN_UNUSED_VARIABLE = YES;
				IPHONEOS_DEPLOYMENT_TARGET = 9.3;
				MTL_ENABLE_DEBUG_INFO = YES;
				ONLY_ACTIVE_ARCH = YES;
				SDKROOT = iphoneos;
				SWIFT_OPTIMIZATION_LEVEL = "-Onone";
				TARGETED_DEVICE_FAMILY = "1,2";
			};
			name = Debug;
		};
		3FA8E6331D784CD300D8EBF1 /* Release */ = {
			isa = XCBuildConfiguration;
			buildSettings = {
				ALWAYS_SEARCH_USER_PATHS = NO;
				CLANG_ANALYZER_NONNULL = YES;
				CLANG_CXX_LANGUAGE_STANDARD = "gnu++0x";
				CLANG_CXX_LIBRARY = "libc++";
				CLANG_ENABLE_MODULES = YES;
				CLANG_ENABLE_OBJC_ARC = YES;
				CLANG_WARN_BOOL_CONVERSION = YES;
				CLANG_WARN_CONSTANT_CONVERSION = YES;
				CLANG_WARN_DIRECT_OBJC_ISA_USAGE = YES_ERROR;
				CLANG_WARN_EMPTY_BODY = YES;
				CLANG_WARN_ENUM_CONVERSION = YES;
				CLANG_WARN_INT_CONVERSION = YES;
				CLANG_WARN_OBJC_ROOT_CLASS = YES_ERROR;
				CLANG_WARN_UNREACHABLE_CODE = YES;
				CLANG_WARN__DUPLICATE_METHOD_MATCH = YES;
				"CODE_SIGN_IDENTITY[sdk=iphoneos*]" = "iPhone Developer";
				COPY_PHASE_STRIP = NO;
				DEBUG_INFORMATION_FORMAT = "dwarf-with-dsym";
				ENABLE_NS_ASSERTIONS = NO;
				ENABLE_STRICT_OBJC_MSGSEND = YES;
				GCC_C_LANGUAGE_STANDARD = gnu99;
				GCC_NO_COMMON_BLOCKS = YES;
				GCC_WARN_64_TO_32_BIT_CONVERSION = YES;
				GCC_WARN_ABOUT_RETURN_TYPE = YES_ERROR;
				GCC_WARN_UNDECLARED_SELECTOR = YES;
				GCC_WARN_UNINITIALIZED_AUTOS = YES_AGGRESSIVE;
				GCC_WARN_UNUSED_FUNCTION = YES;
				GCC_WARN_UNUSED_VARIABLE = YES;
				IPHONEOS_DEPLOYMENT_TARGET = 9.3;
				MTL_ENABLE_DEBUG_INFO = NO;
				SDKROOT = iphoneos;
				TARGETED_DEVICE_FAMILY = "1,2";
				VALIDATE_PRODUCT = YES;
			};
			name = Release;
		};
		3FA8E6351D784CD300D8EBF1 /* Debug */ = {
			isa = XCBuildConfiguration;
			buildSettings = {
				ASSETCATALOG_COMPILER_APPICON_NAME = AppIcon;
				INFOPLIST_FILE = WakeUpBoi/Info.plist;
				LD_RUNPATH_SEARCH_PATHS = "$(inherited) @executable_path/Frameworks";
				PRODUCT_BUNDLE_IDENTIFIER = com.EditDankness.WakeUpBoi;
				PRODUCT_NAME = "$(TARGET_NAME)";
			};
			name = Debug;
		};
		3FA8E6361D784CD300D8EBF1 /* Release */ = {
			isa = XCBuildConfiguration;
			buildSettings = {
				ASSETCATALOG_COMPILER_APPICON_NAME = AppIcon;
				INFOPLIST_FILE = WakeUpBoi/Info.plist;
				LD_RUNPATH_SEARCH_PATHS = "$(inherited) @executable_path/Frameworks";
				PRODUCT_BUNDLE_IDENTIFIER = com.EditDankness.WakeUpBoi;
				PRODUCT_NAME = "$(TARGET_NAME)";
			};
			name = Release;
		};
/* End XCBuildConfiguration section */

/* Begin XCConfigurationList section */
		3FA8E61A1D784CD300D8EBF1 /* Build configuration list for PBXProject "WakeUpBoi" */ = {
			isa = XCConfigurationList;
			buildConfigurations = (
				3FA8E6321D784CD300D8EBF1 /* Debug */,
				3FA8E6331D784CD300D8EBF1 /* Release */,
			);
			defaultConfigurationIsVisible = 0;
			defaultConfigurationName = Release;
		};
		3FA8E6341D784CD300D8EBF1 /* Build configuration list for PBXNativeTarget "WakeUpBoi" */ = {
			isa = XCConfigurationList;
			buildConfigurations = (
				3FA8E6351D784CD300D8EBF1 /* Debug */,
				3FA8E6361D784CD300D8EBF1 /* Release */,
			);
			defaultConfigurationIsVisible = 0;
			defaultConfigurationName = Release;
		};
/* End XCConfigurationList section */

/* Begin XCVersionGroup section */
		3FA8E6291D784CD300D8EBF1 /* WakeUpBoi.xcdatamodeld */ = {
			isa = XCVersionGroup;
			children = (
				3FA8E62A1D784CD300D8EBF1 /* WakeUpBoi.xcdatamodel */,
			);
			currentVersion = 3FA8E62A1D784CD300D8EBF1 /* WakeUpBoi.xcdatamodel */;
			path = WakeUpBoi.xcdatamodeld;
			sourceTree = "<group>";
			versionGroupType = wrapper.xcdatamodel;
		};
/* End XCVersionGroup section */
	};
	rootObject = 3FA8E6171D784CD300D8EBF1 /* Project object */;
}
